{
    "_meta": {
        "hash": {
            "sha256": "7e9acd45ccbac20cc28d463180fc3106b5a024e21124ac6f30ee2976eb97207f"
        },
        "pipfile-spec": 6,
        "requires": {
            "python_version": "3.6"
        },
        "sources": [
            {
                "name": "pypi",
                "url": "https://pypi.org/simple",
                "verify_ssl": true
            }
        ]
    },
    "default": {
        "asgiref": {
            "hashes": [
                "sha256:4ef1ab46b484e3c706329cedeff284a5d40824200638503f5768edb6de7d58e9",
                "sha256:ffc141aa908e6f175673e7b1b3b7af4fdb0ecb738fc5c8b88f69f055c2415214"
            ],
            "markers": "python_version >= '3.6'",
            "version": "==3.4.1"
        },
        "beautifulsoup4": {
            "hashes": [
                "sha256:9a315ce70049920ea4572a4055bc4bd700c940521d36fc858205ad4fcde149bf",
                "sha256:c23ad23c521d818955a4151a67d81580319d4bf548d3d49f4223ae041ff98891"
            ],
            "markers": "python_version >= '3.1'",
            "version": "==4.10.0"
        },
        "bs4": {
            "hashes": [
                "sha256:36ecea1fd7cc5c0c6e4a1ff075df26d50da647b75376626cc186e2212886dd3a"
            ],
            "index": "pypi",
            "version": "==0.0.1"
        },
        "certifi": {
            "hashes": [
                "sha256:78884e7c1d4b00ce3cea67b44566851c4343c120abd683433ce934a68ea58872",
                "sha256:d62a0163eb4c2344ac042ab2bdf75399a71a2d8c7d47eac2e2ee91b9d6339569"
            ],
            "version": "==2021.10.8"
        },
        "charset-normalizer": {
            "hashes": [
                "sha256:1eecaa09422db5be9e29d7fc65664e6c33bd06f9ced7838578ba40d58bdf3721",
                "sha256:b0b883e8e874edfdece9c28f314e3dd5badf067342e42fb162203335ae61aa2c"
            ],
            "markers": "python_version >= '3'",
            "version": "==2.0.9"
        },
        "convertdate": {
            "hashes": [
                "sha256:57df962a6047534f1452c390ad48e3dc5c83052ad83ad6dd78d60ae22f99214c",
                "sha256:8f5e9efc2b71410d33217012c0a215f83463f765c94d5883bf656ce7a962b888"
            ],
            "markers": "python_version >= '3.5'",
            "version": "==2.3.2"
        },
        "cycler": {
            "hashes": [
                "sha256:3a27e95f763a428a739d2add979fa7494c912a32c17c4c38c4d5f082cad165a3",
                "sha256:9c87405839a19696e837b3b818fed3f5f69f16f1eec1a1ad77e043dcea9c772f"
            ],
            "markers": "python_version >= '3.6'",
            "version": "==0.11.0"
        },
        "deprecated": {
            "hashes": [
                "sha256:43ac5335da90c31c24ba028af536a91d41d53f9e6901ddb021bcc572ce44e38d",
                "sha256:64756e3e14c8c5eea9795d93c524551432a0be75629f8f29e67ab8caf076c76d"
            ],
            "markers": "python_version >= '2.7' and python_version not in '3.0, 3.1, 3.2, 3.3'",
            "version": "==1.2.13"
        },
        "dj-database-url": {
            "hashes": [
                "sha256:4aeaeb1f573c74835b0686a2b46b85990571159ffc21aa57ecd4d1e1cb334163",
                "sha256:851785365761ebe4994a921b433062309eb882fedd318e1b0fcecc607ed02da9"
            ],
            "index": "pypi",
            "version": "==0.5.0"
        },
        "django": {
            "hashes": [
                "sha256:7f92413529aa0e291f3be78ab19be31aefb1e1c9a52cd59e130f505f27a51f13",
                "sha256:f27f8544c9d4c383bbe007c57e3235918e258364577373d4920e9162837be022"
            ],
            "index": "pypi",
            "version": "==3.2.6"
        },
        "django-defender": {
            "hashes": [
                "sha256:5828729c77eb07f0d7aea1e757b092cdc13a5858b21b100f6fbab7ccbfd3bdb1",
                "sha256:a3301ee86e774c9079aaa06aa3fd8c9c2c48667af944cf0a6d233d88e6bde175"
            ],
            "index": "pypi",
            "version": "==0.9.1"
        },
        "django-heroku": {
            "hashes": [
                "sha256:2bc690aab89eedbe01311752320a9a12e7548e3b0ed102681acc5736a41a4762",
                "sha256:6af4bc3ae4a9b55eaad6dbe5164918982d2762661aebc9f83d9fa49f6009514e"
            ],
            "index": "pypi",
            "version": "==0.3.1"
        },
        "django-nose": {
            "hashes": [
                "sha256:304adc447ee35b889b733d7106004f98aa401d8387ddcada5d4f2239d86790a9",
                "sha256:a4885cd002d65fd2de96e2bb2563ef477c3fbe207009360c015fca5c3b5561b7"
            ],
            "index": "pypi",
            "version": "==1.4.7"
        },
        "django-postgres-copy": {
            "hashes": [
                "sha256:220ea9c4a9e9c58d0958b2ce860bfa4ec37b50629a72d5db76eceaa302ef25f8",
                "sha256:68789c3cccbde7b3d0b2dcb93467876cb7530050f3dc10857c708c453689eeda"
            ],
            "index": "pypi",
            "version": "==2.6.0"
        },
        "django-rest-passwordreset": {
            "hashes": [
                "sha256:0fb2c86f5edcfa8c16564744b0782a73221bee7ceb934cd7c7934b0f0e549c0d",
                "sha256:4dc915d7afe417b18a7ae15380a794f2be7a3a3f32907d023b17d51895fd9121"
            ],
            "index": "pypi",
            "version": "==1.2.0"
        },
        "djangorestframework": {
            "hashes": [
                "sha256:6d1d59f623a5ad0509fe0d6bfe93cbdfe17b8116ebc8eda86d45f6e16e819aaf",
                "sha256:f747949a8ddac876e879190df194b925c177cdeb725a099db1460872f7c0a7f2"
            ],
            "index": "pypi",
            "version": "==3.12.4"
        },
        "djangorestframework-simplejwt": {
            "hashes": [
                "sha256:288ee78618d906f26abf6282b639b8f1806ce1d9a7578897a125cf79c609f259",
                "sha256:c315be70aa12a5f5790c0ab9acd426c3a58eebea65a77d0893248c5144a5080c"
            ],
            "index": "pypi",
            "version": "==4.4.0"
        },
        "gunicorn": {
            "hashes": [
                "sha256:9dcc4547dbb1cb284accfb15ab5667a0e5d1881cc443e0677b4882a4067a807e",
                "sha256:e0a968b5ba15f8a328fdfd7ab1fcb5af4470c28aaf7e55df02a99bc13138e6e8"
            ],
            "index": "pypi",
            "version": "==20.1.0"
        },
        "heroku3": {
            "hashes": [
                "sha256:4b20efa22f2901f96e9c89aceef7388637db83346541c6988d8c48bac8305900"
            ],
            "index": "pypi",
            "version": "==4.2.3"
        },
        "hijri-converter": {
            "hashes": [
                "sha256:3ae23b31cbde303873acf96ce07022320d711547bc148d57b96dfc3f076b3c2f",
                "sha256:d4a10db009c1417592bbfb3debecadfa04d8d8d5d51b64a971e969d761a9f3e1"
            ],
            "markers": "python_version >= '3.6'",
            "version": "==2.2.2"
        },
        "holidays": {
            "hashes": [
                "sha256:0dcbb52ba06ae4f3b85226734aa2cb34f99185e1ebb66c4e23a6b123b26cd3ae",
                "sha256:76e6932d437a4215e835ea884497102fd25676d0692d3de230578e6c8d551d5b"
            ],
            "index": "pypi",
            "version": "==0.11.2"
        },
        "idna": {
            "hashes": [
                "sha256:84d9dd047ffa80596e0f246e2eab0b391788b0503584e8945f2368256d2735ff",
                "sha256:9d643ff0a55b762d5cdb124b8eaa99c66322e2157b69160bc32796e824360e6d"
            ],
            "markers": "python_version >= '3'",
            "version": "==3.3"
        },
        "joblib": {
            "hashes": [
                "sha256:4158fcecd13733f8be669be0683b96ebdbbd38d23559f54dca7205aea1bf1e35",
                "sha256:f21f109b3c7ff9d95f8387f752d0d9c34a02aa2f7060c2135f465da0e5160ff6"
            ],
            "markers": "python_version >= '3.6'",
            "version": "==1.1.0"
        },
        "kiwisolver": {
            "hashes": [
                "sha256:0cd53f403202159b44528498de18f9285b04482bab2a6fc3f5dd8dbb9352e30d",
                "sha256:1e1bc12fb773a7b2ffdeb8380609f4f8064777877b2225dec3da711b421fda31",
                "sha256:225e2e18f271e0ed8157d7f4518ffbf99b9450fca398d561eb5c4a87d0986dd9",
                "sha256:232c9e11fd7ac3a470d65cd67e4359eee155ec57e822e5220322d7b2ac84fbf0",
                "sha256:24cc411232d14c8abafbd0dddb83e1a4f54d77770b53db72edcfe1d611b3bf11",
                "sha256:31dfd2ac56edc0ff9ac295193eeaea1c0c923c0355bf948fbd99ed6018010b72",
                "sha256:33449715e0101e4d34f64990352bce4095c8bf13bed1b390773fc0a7295967b3",
                "sha256:401a2e9afa8588589775fe34fc22d918ae839aaaf0c0e96441c0fdbce6d8ebe6",
                "sha256:44a62e24d9b01ba94ae7a4a6c3fb215dc4af1dde817e7498d901e229aaf50e4e",
                "sha256:50af681a36b2a1dee1d3c169ade9fdc59207d3c31e522519181e12f1b3ba7000",
                "sha256:563c649cfdef27d081c84e72a03b48ea9408c16657500c312575ae9d9f7bc1c3",
                "sha256:5989db3b3b34b76c09253deeaf7fbc2707616f130e166996606c284395da3f18",
                "sha256:5a7a7dbff17e66fac9142ae2ecafb719393aaee6a3768c9de2fd425c63b53e21",
                "sha256:5c3e6455341008a054cccee8c5d24481bcfe1acdbc9add30aa95798e95c65621",
                "sha256:5f6ccd3dd0b9739edcf407514016108e2280769c73a85b9e59aa390046dbf08b",
                "sha256:6d9d8d9b31aa8c2d80a690693aebd8b5e2b7a45ab065bb78f1609995d2c79240",
                "sha256:72c99e39d005b793fb7d3d4e660aed6b6281b502e8c1eaf8ee8346023c8e03bc",
                "sha256:78751b33595f7f9511952e7e60ce858c6d64db2e062afb325985ddbd34b5c131",
                "sha256:792e69140828babe9649de583e1a03a0f2ff39918a71782c76b3c683a67c6dfd",
                "sha256:834ee27348c4aefc20b479335fd422a2c69db55f7d9ab61721ac8cd83eb78882",
                "sha256:8be8d84b7d4f2ba4ffff3665bcd0211318aa632395a1a41553250484a871d454",
                "sha256:950a199911a8d94683a6b10321f9345d5a3a8433ec58b217ace979e18f16e248",
                "sha256:a357fd4f15ee49b4a98b44ec23a34a95f1e00292a139d6015c11f55774ef10de",
                "sha256:a53d27d0c2a0ebd07e395e56a1fbdf75ffedc4a05943daf472af163413ce9598",
                "sha256:acef3d59d47dd85ecf909c359d0fd2c81ed33bdff70216d3956b463e12c38a54",
                "sha256:b38694dcdac990a743aa654037ff1188c7a9801ac3ccc548d3341014bc5ca278",
                "sha256:b9edd0110a77fc321ab090aaa1cfcaba1d8499850a12848b81be2222eab648f6",
                "sha256:c08e95114951dc2090c4a630c2385bef681cacf12636fb0241accdc6b303fd81",
                "sha256:c5518d51a0735b1e6cee1fdce66359f8d2b59c3ca85dc2b0813a8aa86818a030",
                "sha256:c8fd0f1ae9d92b42854b2979024d7597685ce4ada367172ed7c09edf2cef9cb8",
                "sha256:ca3820eb7f7faf7f0aa88de0e54681bddcb46e485beb844fcecbcd1c8bd01689",
                "sha256:cf8b574c7b9aa060c62116d4181f3a1a4e821b2ec5cbfe3775809474113748d4",
                "sha256:d3155d828dec1d43283bd24d3d3e0d9c7c350cdfcc0bd06c0ad1209c1bbc36d0",
                "sha256:d6563ccd46b645e966b400bb8a95d3457ca6cf3bba1e908f9e0927901dfebeb1",
                "sha256:ef6eefcf3944e75508cdfa513c06cf80bafd7d179e14c1334ebdca9ebb8c2c66",
                "sha256:f8d6f8db88049a699817fd9178782867bf22283e3813064302ac59f61d95be05",
                "sha256:fd34fbbfbc40628200730bc1febe30631347103fc8d3d4fa012c21ab9c11eca9"
            ],
            "markers": "python_version >= '3.6'",
            "version": "==1.3.1"
        },
        "korean-lunar-calendar": {
            "hashes": [
                "sha256:12ce54b1392ed45a82dc6cea85ee5f7e33630556e82488f57e37a22482c8275d",
                "sha256:a619ea88610129019267467b85cc9faf0fab6e1694b2e782d1aeb610cdd382d5"
            ],
            "version": "==0.2.1"
        },
        "lxml": {
            "hashes": [
                "sha256:11ae552a78612620afd15625be9f1b82e3cc2e634f90d6b11709b10a100cba59",
                "sha256:121fc6f71c692b49af6c963b84ab7084402624ffbe605287da362f8af0668ea3",
                "sha256:124f09614f999551ac65e5b9875981ce4b66ac4b8e2ba9284572f741935df3d9",
                "sha256:12ae2339d32a2b15010972e1e2467345b7bf962e155671239fba74c229564b7f",
                "sha256:12d8d6fe3ddef629ac1349fa89a638b296a34b6529573f5055d1cb4e5245f73b",
                "sha256:1a2a7659b8eb93c6daee350a0d844994d49245a0f6c05c747f619386fb90ba04",
                "sha256:1ccbfe5d17835db906f2bab6f15b34194db1a5b07929cba3cf45a96dbfbfefc0",
                "sha256:2f77556266a8fe5428b8759fbfc4bd70be1d1d9c9b25d2a414f6a0c0b0f09120",
                "sha256:3534d7c468c044f6aef3c0aff541db2826986a29ea73f2ca831f5d5284d9b570",
                "sha256:3884476a90d415be79adfa4e0e393048630d0d5bcd5757c4c07d8b4b00a1096b",
                "sha256:3b95fb7e6f9c2f53db88f4642231fc2b8907d854e614710996a96f1f32018d5c",
                "sha256:46515773570a33eae13e451c8fcf440222ef24bd3b26f40774dd0bd8b6db15b2",
                "sha256:46f21f2600d001af10e847df9eb3b832e8a439f696c04891bcb8a8cedd859af9",
                "sha256:473701599665d874919d05bb33b56180447b3a9da8d52d6d9799f381ce23f95c",
                "sha256:4b9390bf973e3907d967b75be199cf1978ca8443183cf1e78ad80ad8be9cf242",
                "sha256:4f415624cf8b065796649a5e4621773dc5c9ea574a944c76a7f8a6d3d2906b41",
                "sha256:534032a5ceb34bba1da193b7d386ac575127cc39338379f39a164b10d97ade89",
                "sha256:558485218ee06458643b929765ac1eb04519ca3d1e2dcc288517de864c747c33",
                "sha256:57cf05466917e08f90e323f025b96f493f92c0344694f5702579ab4b7e2eb10d",
                "sha256:59d77bfa3bea13caee95bc0d3f1c518b15049b97dd61ea8b3d71ce677a67f808",
                "sha256:5d5254c815c186744c8f922e2ce861a2bdeabc06520b4b30b2f7d9767791ce6e",
                "sha256:5ea121cb66d7e5cb396b4c3ca90471252b94e01809805cfe3e4e44be2db3a99c",
                "sha256:60aeb14ff9022d2687ef98ce55f6342944c40d00916452bb90899a191802137a",
                "sha256:642eb4cabd997c9b949a994f9643cd8ae00cf4ca8c5cd9c273962296fadf1c44",
                "sha256:6548fc551de15f310dd0564751d9dc3d405278d45ea9b2b369ed1eccf142e1f5",
                "sha256:68a851176c931e2b3de6214347b767451243eeed3bea34c172127bbb5bf6c210",
                "sha256:6e84edecc3a82f90d44ddee2ee2a2630d4994b8471816e226d2b771cda7ac4ca",
                "sha256:73e8614258404b2689a26cb5d002512b8bc4dfa18aca86382f68f959aee9b0c8",
                "sha256:7679bb6e4d9a3978a46ab19a3560e8d2b7265ef3c88152e7fdc130d649789887",
                "sha256:76b6c296e4f7a1a8a128aec42d128646897f9ae9a700ef6839cdc9b3900db9b5",
                "sha256:7f00cc64b49d2ef19ddae898a3def9dd8fda9c3d27c8a174c2889ee757918e71",
                "sha256:8021eeff7fabde21b9858ed058a8250ad230cede91764d598c2466b0ba70db8b",
                "sha256:87f8f7df70b90fbe7b49969f07b347e3f978f8bd1046bb8ecae659921869202b",
                "sha256:916d457ad84e05b7db52700bad0a15c56e0c3000dcaf1263b2fb7a56fe148996",
                "sha256:925174cafb0f1179a7fd38da90302555d7445e34c9ece68019e53c946be7f542",
                "sha256:9801bcd52ac9c795a7d81ea67471a42cffe532e46cfb750cd5713befc5c019c0",
                "sha256:99cf827f5a783038eb313beee6533dddb8bdb086d7269c5c144c1c952d142ace",
                "sha256:a21b78af7e2e13bec6bea12fc33bc05730197674f3e5402ce214d07026ccfebd",
                "sha256:a52e8f317336a44836475e9c802f51c2dc38d612eaa76532cb1d17690338b63b",
                "sha256:a702005e447d712375433ed0499cb6e1503fadd6c96a47f51d707b4d37b76d3c",
                "sha256:a708c291900c40a7ecf23f1d2384ed0bc0604e24094dd13417c7e7f8f7a50d93",
                "sha256:a7790a273225b0c46e5f859c1327f0f659896cc72eaa537d23aa3ad9ff2a1cc1",
                "sha256:abcf7daa5ebcc89328326254f6dd6d566adb483d4d00178892afd386ab389de2",
                "sha256:add017c5bd6b9ec3a5f09248396b6ee2ce61c5621f087eb2269c813cd8813808",
                "sha256:af4139172ff0263d269abdcc641e944c9de4b5d660894a3ec7e9f9db63b56ac9",
                "sha256:b4015baed99d046c760f09a4c59d234d8f398a454380c3cf0b859aba97136090",
                "sha256:ba0006799f21d83c3717fe20e2707a10bbc296475155aadf4f5850f6659b96b9",
                "sha256:bdb98f4c9e8a1735efddfaa995b0c96559792da15d56b76428bdfc29f77c4cdb",
                "sha256:c34234a1bc9e466c104372af74d11a9f98338a3f72fae22b80485171a64e0144",
                "sha256:c580c2a61d8297a6e47f4d01f066517dbb019be98032880d19ece7f337a9401d",
                "sha256:ca9a40497f7e97a2a961c04fa8a6f23d790b0521350a8b455759d786b0bcb203",
                "sha256:cab343b265e38d4e00649cbbad9278b734c5715f9bcbb72c85a1f99b1a58e19a",
                "sha256:ce52aad32ec6e46d1a91ff8b8014a91538800dd533914bfc4a82f5018d971408",
                "sha256:da07c7e7fc9a3f40446b78c54dbba8bfd5c9100dfecb21b65bfe3f57844f5e71",
                "sha256:dc8a0dbb2a10ae8bb609584f5c504789f0f3d0d81840da4849102ec84289f952",
                "sha256:e5b4b0d9440046ead3bd425eb2b852499241ee0cef1ae151038e4f87ede888c4",
                "sha256:f33d8efb42e4fc2b31b3b4527940b25cdebb3026fb56a80c1c1c11a4271d2352",
                "sha256:f6befb83bca720b71d6bd6326a3b26e9496ae6649e26585de024890fe50f49b8",
                "sha256:fcc849b28f584ed1dbf277291ded5c32bb3476a37032df4a1d523b55faa5f944",
                "sha256:ff44de36772b05c2eb74f2b4b6d1ae29b8f41ed5506310ce1258d44826ee38c1"
            ],
            "index": "pypi",
            "version": "==4.6.5"
        },
        "matplotlib": {
            "hashes": [
                "sha256:1de0bb6cbfe460725f0e97b88daa8643bcf9571c18ba90bb8e41432aaeca91d6",
                "sha256:1e850163579a8936eede29fad41e202b25923a0a8d5ffd08ce50fc0a97dcdc93",
                "sha256:215e2a30a2090221a9481db58b770ce56b8ef46f13224ae33afe221b14b24dc1",
                "sha256:348e6032f666ffd151b323342f9278b16b95d4a75dfacae84a11d2829a7816ae",
                "sha256:3d2eb9c1cc254d0ffa90bc96fde4b6005d09c2228f99dfd493a4219c1af99644",
                "sha256:3e477db76c22929e4c6876c44f88d790aacdf3c3f8f3a90cb1975c0bf37825b0",
                "sha256:451cc89cb33d6652c509fc6b588dc51c41d7246afdcc29b8624e256b7663ed1f",
                "sha256:46b1a60a04e6d884f0250d5cc8dc7bd21a9a96c584a7acdaab44698a44710bab",
                "sha256:5f571b92a536206f7958f7cb2d367ff6c9a1fa8229dc35020006e4cdd1ca0acd",
                "sha256:672960dd114e342b7c610bf32fb99d14227f29919894388b41553217457ba7ef",
                "sha256:7310e353a4a35477c7f032409966920197d7df3e757c7624fd842f3eeb307d3d",
                "sha256:746a1df55749629e26af7f977ea426817ca9370ad1569436608dc48d1069b87c",
                "sha256:7c155437ae4fd366e2700e2716564d1787700687443de46bcb895fe0f84b761d",
                "sha256:9265ae0fb35e29f9b8cc86c2ab0a2e3dcddc4dd9de4b85bf26c0f63fe5c1c2ca",
                "sha256:94bdd1d55c20e764d8aea9d471d2ae7a7b2c84445e0fa463f02e20f9730783e1",
                "sha256:9a79e5dd7bb797aa611048f5b70588b23c5be05b63eefd8a0d152ac77c4243db",
                "sha256:a17f0a10604fac7627ec82820439e7db611722e80c408a726cd00d8c974c2fb3",
                "sha256:a1acb72f095f1d58ecc2538ed1b8bca0b57df313b13db36ed34b8cdf1868e674",
                "sha256:aa49571d8030ad0b9ac39708ee77bd2a22f87815e12bdee52ecaffece9313ed8",
                "sha256:c24c05f645aef776e8b8931cb81e0f1632d229b42b6d216e30836e2e145a2b40",
                "sha256:cf3a7e54eff792f0815dbbe9b85df2f13d739289c93d346925554f71d484be78",
                "sha256:d738acfdfb65da34c91acbdb56abed46803db39af259b7f194dc96920360dbe4",
                "sha256:e15fa23d844d54e7b3b7243afd53b7567ee71c721f592deb0727ee85e668f96a",
                "sha256:ed4a9e6dcacba56b17a0a9ac22ae2c72a35b7f0ef0693aa68574f0b2df607a89",
                "sha256:f44149a0ef5b4991aaef12a93b8e8d66d6412e762745fea1faa61d98524e0ba9"
            ],
            "index": "pypi",
            "version": "==3.3.4"
        },
        "nose": {
            "hashes": [
                "sha256:9ff7c6cc443f8c51994b34a667bbcf45afd6d945be7477b52e97516fd17c53ac",
                "sha256:dadcddc0aefbf99eea214e0f1232b94f2fa9bd98fa8353711dacb112bfcbbb2a",
                "sha256:f1bffef9cbc82628f6e7d7b40d7e255aefaa1adb6a1b1d26c69a8b79e6208a98"
            ],
            "version": "==1.3.7"
        },
        "numpy": {
            "hashes": [
                "sha256:012426a41bc9ab63bb158635aecccc7610e3eff5d31d1eb43bc099debc979d94",
                "sha256:06fab248a088e439402141ea04f0fffb203723148f6ee791e9c75b3e9e82f080",
                "sha256:0eef32ca3132a48e43f6a0f5a82cb508f22ce5a3d6f67a8329c81c8e226d3f6e",
                "sha256:1ded4fce9cfaaf24e7a0ab51b7a87be9038ea1ace7f34b841fe3b6894c721d1c",
                "sha256:2e55195bc1c6b705bfd8ad6f288b38b11b1af32f3c8289d6c50d47f950c12e76",
                "sha256:2ea52bd92ab9f768cc64a4c3ef8f4b2580a17af0a5436f6126b08efbd1838371",
                "sha256:36674959eed6957e61f11c912f71e78857a8d0604171dfd9ce9ad5cbf41c511c",
                "sha256:384ec0463d1c2671170901994aeb6dce126de0a95ccc3976c43b0038a37329c2",
                "sha256:39b70c19ec771805081578cc936bbe95336798b7edf4732ed102e7a43ec5c07a",
                "sha256:400580cbd3cff6ffa6293df2278c75aef2d58d8d93d3c5614cd67981dae68ceb",
                "sha256:43d4c81d5ffdff6bae58d66a3cd7f54a7acd9a0e7b18d97abb255defc09e3140",
                "sha256:50a4a0ad0111cc1b71fa32dedd05fa239f7fb5a43a40663269bb5dc7877cfd28",
                "sha256:603aa0706be710eea8884af807b1b3bc9fb2e49b9f4da439e76000f3b3c6ff0f",
                "sha256:6149a185cece5ee78d1d196938b2a8f9d09f5a5ebfbba66969302a778d5ddd1d",
                "sha256:759e4095edc3c1b3ac031f34d9459fa781777a93ccc633a472a5468587a190ff",
                "sha256:7fb43004bce0ca31d8f13a6eb5e943fa73371381e53f7074ed21a4cb786c32f8",
                "sha256:811daee36a58dc79cf3d8bdd4a490e4277d0e4b7d103a001a4e73ddb48e7e6aa",
                "sha256:8b5e972b43c8fc27d56550b4120fe6257fdc15f9301914380b27f74856299fea",
                "sha256:99abf4f353c3d1a0c7a5f27699482c987cf663b1eac20db59b8c7b061eabd7fc",
                "sha256:a0d53e51a6cb6f0d9082decb7a4cb6dfb33055308c4c44f53103c073f649af73",
                "sha256:a12ff4c8ddfee61f90a1633a4c4afd3f7bcb32b11c52026c92a12e1325922d0d",
                "sha256:a4646724fba402aa7504cd48b4b50e783296b5e10a524c7a6da62e4a8ac9698d",
                "sha256:a76f502430dd98d7546e1ea2250a7360c065a5fdea52b2dffe8ae7180909b6f4",
                "sha256:a9d17f2be3b427fbb2bce61e596cf555d6f8a56c222bd2ca148baeeb5e5c783c",
                "sha256:ab83f24d5c52d60dbc8cd0528759532736b56db58adaa7b5f1f76ad551416a1e",
                "sha256:aeb9ed923be74e659984e321f609b9ba54a48354bfd168d21a2b072ed1e833ea",
                "sha256:c843b3f50d1ab7361ca4f0b3639bf691569493a56808a0b0c54a051d260b7dbd",
                "sha256:cae865b1cae1ec2663d8ea56ef6ff185bad091a5e33ebbadd98de2cfa3fa668f",
                "sha256:cc6bd4fd593cb261332568485e20a0712883cf631f6f5e8e86a52caa8b2b50ff",
                "sha256:cf2402002d3d9f91c8b01e66fbb436a4ed01c6498fffed0e4c7566da1d40ee1e",
                "sha256:d051ec1c64b85ecc69531e1137bb9751c6830772ee5c1c426dbcfe98ef5788d7",
                "sha256:d6631f2e867676b13026e2846180e2c13c1e11289d67da08d71cacb2cd93d4aa",
                "sha256:dbd18bcf4889b720ba13a27ec2f2aac1981bd41203b3a3b27ba7a33f88ae4827",
                "sha256:df609c82f18c5b9f6cb97271f03315ff0dbe481a2a02e56aeb1b1a985ce38e60"
            ],
            "index": "pypi",
            "version": "==1.19.5"
        },
        "packaging": {
            "hashes": [
                "sha256:dd47c42927d89ab911e606518907cc2d3a1f38bbd026385970643f9c5b8ecfeb",
                "sha256:ef103e05f519cdc783ae24ea4e2e0f508a9c99b2d4969652eed6a2e1ea5bd522"
            ],
            "markers": "python_version >= '3.6'",
            "version": "==21.3"
        },
        "pandas": {
            "hashes": [
                "sha256:0a643bae4283a37732ddfcecab3f62dd082996021b980f580903f4e8e01b3c5b",
                "sha256:0de3ddb414d30798cbf56e642d82cac30a80223ad6fe484d66c0ce01a84d6f2f",
                "sha256:19a2148a1d02791352e9fa637899a78e371a3516ac6da5c4edc718f60cbae648",
                "sha256:21b5a2b033380adbdd36b3116faaf9a4663e375325831dac1b519a44f9e439bb",
                "sha256:24c7f8d4aee71bfa6401faeba367dd654f696a77151a8a28bc2013f7ced4af98",
                "sha256:26fa92d3ac743a149a31b21d6f4337b0594b6302ea5575b37af9ca9611e8981a",
                "sha256:2860a97cbb25444ffc0088b457da0a79dc79f9c601238a3e0644312fcc14bf11",
                "sha256:2b1c6cd28a0dfda75c7b5957363333f01d370936e4c6276b7b8e696dd500582a",
                "sha256:2c2f7c670ea4e60318e4b7e474d56447cf0c7d83b3c2a5405a0dbb2600b9c48e",
                "sha256:3be7a7a0ca71a2640e81d9276f526bca63505850add10206d0da2e8a0a325dae",
                "sha256:4c62e94d5d49db116bef1bd5c2486723a292d79409fc9abd51adf9e05329101d",
                "sha256:5008374ebb990dad9ed48b0f5d0038124c73748f5384cc8c46904dace27082d9",
                "sha256:5447ea7af4005b0daf695a316a423b96374c9c73ffbd4533209c5ddc369e644b",
                "sha256:573fba5b05bf2c69271a32e52399c8de599e4a15ab7cec47d3b9c904125ab788",
                "sha256:5a780260afc88268a9d3ac3511d8f494fdcf637eece62fb9eb656a63d53eb7ca",
                "sha256:70865f96bb38fec46f7ebd66d4b5cfd0aa6b842073f298d621385ae3898d28b5",
                "sha256:731568be71fba1e13cae212c362f3d2ca8932e83cb1b85e3f1b4dd77d019254a",
                "sha256:b61080750d19a0122469ab59b087380721d6b72a4e7d962e4d7e63e0c4504814",
                "sha256:bf23a3b54d128b50f4f9d4675b3c1857a688cc6731a32f931837d72effb2698d",
                "sha256:c16d59c15d946111d2716856dd5479221c9e4f2f5c7bc2d617f39d870031e086",
                "sha256:c61c043aafb69329d0f961b19faa30b1dab709dd34c9388143fc55680059e55a",
                "sha256:c94ff2780a1fd89f190390130d6d36173ca59fcfb3fe0ff596f9a56518191ccb",
                "sha256:edda9bacc3843dfbeebaf7a701763e68e741b08fccb889c003b0a52f0ee95782",
                "sha256:f10fc41ee3c75a474d3bdf68d396f10782d013d7f67db99c0efbfd0acb99701b"
            ],
            "index": "pypi",
            "version": "==1.1.5"
        },
        "pillow": {
            "hashes": [
                "sha256:066f3999cb3b070a95c3652712cffa1a748cd02d60ad7b4e485c3748a04d9d76",
                "sha256:0a0956fdc5defc34462bb1c765ee88d933239f9a94bc37d132004775241a7585",
                "sha256:0b052a619a8bfcf26bd8b3f48f45283f9e977890263e4571f2393ed8898d331b",
                "sha256:1394a6ad5abc838c5cd8a92c5a07535648cdf6d09e8e2d6df916dfa9ea86ead8",
                "sha256:1bc723b434fbc4ab50bb68e11e93ce5fb69866ad621e3c2c9bdb0cd70e345f55",
                "sha256:244cf3b97802c34c41905d22810846802a3329ddcb93ccc432870243211c79fc",
                "sha256:25a49dc2e2f74e65efaa32b153527fc5ac98508d502fa46e74fa4fd678ed6645",
                "sha256:2e4440b8f00f504ee4b53fe30f4e381aae30b0568193be305256b1462216feff",
                "sha256:3862b7256046fcd950618ed22d1d60b842e3a40a48236a5498746f21189afbbc",
                "sha256:3eb1ce5f65908556c2d8685a8f0a6e989d887ec4057326f6c22b24e8a172c66b",
                "sha256:3f97cfb1e5a392d75dd8b9fd274d205404729923840ca94ca45a0af57e13dbe6",
                "sha256:493cb4e415f44cd601fcec11c99836f707bb714ab03f5ed46ac25713baf0ff20",
                "sha256:4acc0985ddf39d1bc969a9220b51d94ed51695d455c228d8ac29fcdb25810e6e",
                "sha256:5503c86916d27c2e101b7f71c2ae2cddba01a2cf55b8395b0255fd33fa4d1f1a",
                "sha256:5b7bb9de00197fb4261825c15551adf7605cf14a80badf1761d61e59da347779",
                "sha256:5e9ac5f66616b87d4da618a20ab0a38324dbe88d8a39b55be8964eb520021e02",
                "sha256:620582db2a85b2df5f8a82ddeb52116560d7e5e6b055095f04ad828d1b0baa39",
                "sha256:62cc1afda735a8d109007164714e73771b499768b9bb5afcbbee9d0ff374b43f",
                "sha256:70ad9e5c6cb9b8487280a02c0ad8a51581dcbbe8484ce058477692a27c151c0a",
                "sha256:72b9e656e340447f827885b8d7a15fc8c4e68d410dc2297ef6787eec0f0ea409",
                "sha256:72cbcfd54df6caf85cc35264c77ede902452d6df41166010262374155947460c",
                "sha256:792e5c12376594bfcb986ebf3855aa4b7c225754e9a9521298e460e92fb4a488",
                "sha256:7b7017b61bbcdd7f6363aeceb881e23c46583739cb69a3ab39cb384f6ec82e5b",
                "sha256:81f8d5c81e483a9442d72d182e1fb6dcb9723f289a57e8030811bac9ea3fef8d",
                "sha256:82aafa8d5eb68c8463b6e9baeb4f19043bb31fefc03eb7b216b51e6a9981ae09",
                "sha256:84c471a734240653a0ec91dec0996696eea227eafe72a33bd06c92697728046b",
                "sha256:8c803ac3c28bbc53763e6825746f05cc407b20e4a69d0122e526a582e3b5e153",
                "sha256:93ce9e955cc95959df98505e4608ad98281fff037350d8c2671c9aa86bcf10a9",
                "sha256:9a3e5ddc44c14042f0844b8cf7d2cd455f6cc80fd7f5eefbe657292cf601d9ad",
                "sha256:a4901622493f88b1a29bd30ec1a2f683782e57c3c16a2dbc7f2595ba01f639df",
                "sha256:a5a4532a12314149d8b4e4ad8ff09dde7427731fcfa5917ff16d0291f13609df",
                "sha256:b8831cb7332eda5dc89b21a7bce7ef6ad305548820595033a4b03cf3091235ed",
                "sha256:b8e2f83c56e141920c39464b852de3719dfbfb6e3c99a2d8da0edf4fb33176ed",
                "sha256:c70e94281588ef053ae8998039610dbd71bc509e4acbc77ab59d7d2937b10698",
                "sha256:c8a17b5d948f4ceeceb66384727dde11b240736fddeda54ca740b9b8b1556b29",
                "sha256:d82cdb63100ef5eedb8391732375e6d05993b765f72cb34311fab92103314649",
                "sha256:d89363f02658e253dbd171f7c3716a5d340a24ee82d38aab9183f7fdf0cdca49",
                "sha256:d99ec152570e4196772e7a8e4ba5320d2d27bf22fdf11743dd882936ed64305b",
                "sha256:ddc4d832a0f0b4c52fff973a0d44b6c99839a9d016fe4e6a1cb8f3eea96479c2",
                "sha256:e3dacecfbeec9a33e932f00c6cd7996e62f53ad46fbe677577394aaa90ee419a",
                "sha256:eb9fc393f3c61f9054e1ed26e6fe912c7321af2f41ff49d3f83d05bacf22cc78"
            ],
            "markers": "python_version >= '3.6'",
            "version": "==8.4.0"
        },
        "psycopg2": {
            "hashes": [
                "sha256:079d97fc22de90da1d370c90583659a9f9a6ee4007355f5825e5f1c70dffc1fa",
                "sha256:2087013c159a73e09713294a44d0c8008204d06326006b7f652bef5ace66eebb",
                "sha256:25615574419dd9bda6fdfdcd58afb22e721f5b807cb3d5e62f488c8acf8cb754",
                "sha256:2c992196719fadda59f72d44603ee1a2fdcc67de097eea38d41c7ad9ad246e62",
                "sha256:7640e1e4d72444ef012e275e7b53204d7fab341fb22bc76057ede22fe6860b25",
                "sha256:7f91312f065df517187134cce8e395ab37f5b601a42446bdc0f0d51773621854",
                "sha256:830c8e8dddab6b6716a4bf73a09910c7954a92f40cf1d1e702fb93c8a919cc56",
                "sha256:89409d369f4882c47f7ea20c42c5046879ce22c1e4ea20ef3b00a4dfc0a7f188",
                "sha256:bf35a25f1aaa8a3781195595577fcbb59934856ee46b4f252f56ad12b8043bcf",
                "sha256:de5303a6f1d0a7a34b9d40e4d3bef684ccc44a49bbe3eb85e3c0bffb4a131b7c",
                "sha256:e5a8ed9dbfca8dc162c4ada5ab017e10d5a66c542b4c73569f103fa5f342f498"
            ],
            "index": "pypi",
            "version": "==2.9.1"
        },
        "psycopg2-binary": {
            "hashes": [
                "sha256:0b7dae87f0b729922e06f85f667de7bf16455d411971b2043bbd9577af9d1975",
                "sha256:0f2e04bd2a2ab54fa44ee67fe2d002bb90cee1c0f1cc0ebc3148af7b02034cbd",
                "sha256:123c3fb684e9abfc47218d3784c7b4c47c8587951ea4dd5bc38b6636ac57f616",
                "sha256:1473c0215b0613dd938db54a653f68251a45a78b05f6fc21af4326f40e8360a2",
                "sha256:14db1752acdd2187d99cb2ca0a1a6dfe57fc65c3281e0f20e597aac8d2a5bd90",
                "sha256:1e3a362790edc0a365385b1ac4cc0acc429a0c0d662d829a50b6ce743ae61b5a",
                "sha256:1e85b74cbbb3056e3656f1cc4781294df03383127a8114cbc6531e8b8367bf1e",
                "sha256:1f6ca4a9068f5c5c57e744b4baa79f40e83e3746875cac3c45467b16326bab45",
                "sha256:20f1ab44d8c352074e2d7ca67dc00843067788791be373e67a0911998787ce7d",
                "sha256:24b0b6688b9f31a911f2361fe818492650795c9e5d3a1bc647acbd7440142a4f",
                "sha256:2f62c207d1740b0bde5c4e949f857b044818f734a3d57f1d0d0edc65050532ed",
                "sha256:3242b9619de955ab44581a03a64bdd7d5e470cc4183e8fcadd85ab9d3756ce7a",
                "sha256:35c4310f8febe41f442d3c65066ca93cccefd75013df3d8c736c5b93ec288140",
                "sha256:4235f9d5ddcab0b8dbd723dca56ea2922b485ea00e1dafacf33b0c7e840b3d32",
                "sha256:542875f62bc56e91c6eac05a0deadeae20e1730be4c6334d8f04c944fcd99759",
                "sha256:5ced67f1e34e1a450cdb48eb53ca73b60aa0af21c46b9b35ac3e581cf9f00e31",
                "sha256:661509f51531ec125e52357a489ea3806640d0ca37d9dada461ffc69ee1e7b6e",
                "sha256:7360647ea04db2e7dff1648d1da825c8cf68dc5fbd80b8fb5b3ee9f068dcd21a",
                "sha256:736b8797b58febabb85494142c627bd182b50d2a7ec65322983e71065ad3034c",
                "sha256:8c13d72ed6af7fd2c8acbd95661cf9477f94e381fce0792c04981a8283b52917",
                "sha256:988b47ac70d204aed01589ed342303da7c4d84b56c2f4c4b8b00deda123372bf",
                "sha256:995fc41ebda5a7a663a254a1dcac52638c3e847f48307b5416ee373da15075d7",
                "sha256:a36c7eb6152ba5467fb264d73844877be8b0847874d4822b7cf2d3c0cb8cdcb0",
                "sha256:aed4a9a7e3221b3e252c39d0bf794c438dc5453bc2963e8befe9d4cd324dff72",
                "sha256:aef9aee84ec78af51107181d02fe8773b100b01c5dfde351184ad9223eab3698",
                "sha256:b0221ca5a9837e040ebf61f48899926b5783668b7807419e4adae8175a31f773",
                "sha256:b4d7679a08fea64573c969f6994a2631908bb2c0e69a7235648642f3d2e39a68",
                "sha256:c250a7ec489b652c892e4f0a5d122cc14c3780f9f643e1a326754aedf82d9a76",
                "sha256:ca86db5b561b894f9e5f115d6a159fff2a2570a652e07889d8a383b5fae66eb4",
                "sha256:cfc523edecddaef56f6740d7de1ce24a2fdf94fd5e704091856a201872e37f9f",
                "sha256:d92272c7c16e105788efe2cfa5d680f07e34e0c29b03c1908f8636f55d5f915a",
                "sha256:da113b70f6ec40e7d81b43d1b139b9db6a05727ab8be1ee559f3a69854a69d34",
                "sha256:ebccf1123e7ef66efc615a68295bf6fdba875a75d5bba10a05073202598085fc",
                "sha256:f6fac64a38f6768e7bc7b035b9e10d8a538a9fadce06b983fb3e6fa55ac5f5ce",
                "sha256:f8559617b1fcf59a9aedba2c9838b5b6aa211ffedecabca412b92a1ff75aac1a",
                "sha256:fbb42a541b1093385a2d8c7eec94d26d30437d0e77c1d25dae1dcc46741a385e"
            ],
            "index": "pypi",
            "version": "==2.9.1"
        },
        "pyjwt": {
            "hashes": [
                "sha256:5c6eca3c2940464d106b99ba83b00c6add741c9becaec087fb7ccdefea71350e",
                "sha256:8d59a976fb773f3e6a39c85636357c4f0e242707394cadadd9814f5cbaa20e96"
            ],
            "index": "pypi",
            "version": "==1.7.1"
        },
        "pymeeus": {
            "hashes": [
                "sha256:bb9d670818d8b0594317b48a7dadea02a0594e5344263bf2054e1a011c8fed55"
            ],
            "version": "==0.5.11"
        },
        "pyparsing": {
            "hashes": [
                "sha256:04ff808a5b90911829c55c4e26f75fa5ca8a2f5f36aa3a51f68e27033341d3e4",
                "sha256:d9bdec0013ef1eb5a84ab39a3b3868911598afa494f5faa038647101504e2b81"
            ],
            "markers": "python_version >= '3.6'",
            "version": "==3.0.6"
        },
        "python-dateutil": {
            "hashes": [
                "sha256:0123cacc1627ae19ddf3c27a5de5bd67ee4586fbdd6440d9748f8abb483d3e86",
                "sha256:961d03dc3453ebbc59dbdea9e4e11c5651520a876d0f4db161e8674aae935da9"
            ],
            "markers": "python_version >= '2.7' and python_version not in '3.0, 3.1, 3.2, 3.3'",
            "version": "==2.8.2"
        },
        "pytz": {
            "hashes": [
                "sha256:3672058bc3453457b622aab7a1c3bfd5ab0bdae451512f6cf25f64ed37f5b87c",
                "sha256:acad2d8b20a1af07d4e4c9d2e9285c5ed9104354062f275f3fcd88dcef4f1326"
            ],
            "version": "==2021.3"
        },
        "redis": {
            "hashes": [
                "sha256:22d13c7ba8cc38fbe58dacdb887ab409c8e5478fc67497d33cf93a02f4af1b2d",
                "sha256:7bc47e8565ac07dfdb658a77115aea785d80864fa41648e0e11033a9fdabb618"
            ],
            "markers": "python_version >= '3.6'",
            "version": "==4.1.0rc2"
        },
        "requests": {
            "hashes": [
                "sha256:6c1246513ecd5ecd4528a0906f910e8f0f9c6b8ec72030dc9fd154dc1a6efd24",
                "sha256:b8aa58f8cf793ffd8782d3d8cb19e66ef36f7aba4353eec859e74678b01b07a7"
            ],
            "index": "pypi",
            "version": "==2.26.0"
        },
        "scikit-learn": {
            "hashes": [
                "sha256:038f4e9d6ef10e1f3fe82addc3a14735c299866eb10f2c77c090410904828312",
                "sha256:06ffdcaaf81e2a3b1b50c3ac6842cfb13df2d8b737d61f64643ed61da7389cde",
                "sha256:0e71ce9c7cbc20f6f8b860107ce15114da26e8675238b4b82b7e7cd37ca0c087",
                "sha256:1eec963fe9ffc827442c2e9333227c4d49749a44e592f305398c1db5c1563393",
                "sha256:2754c85b2287333f9719db7f23fb7e357f436deed512db3417a02bf6f2830aa5",
                "sha256:2db429090b98045d71218a9ba913cc9b3fe78e0ba0b6b647d8748bc6d5a44080",
                "sha256:39b7e3b71bcb1fe46397185d6c1a5db1c441e71c23c91a31e7ad8cc3f7305f9a",
                "sha256:3cbd734e1aefc7c5080e6b6973fe062f97c26a1cdf1a991037ca196ce1c8f427",
                "sha256:40556bea1ef26ef54bc678d00cf138a63069144a0b5f3a436eecd8f3468b903e",
                "sha256:48f273836e19901ba2beecd919f7b352f09310ce67c762f6e53bc6b81cacf1f0",
                "sha256:49ec0b1361da328da9bb7f1a162836028e72556356adeb53342f8fae6b450d47",
                "sha256:4e6198675a6f9d333774671bd536668680eea78e2e81c0b19e57224f58d17f37",
                "sha256:5beaeb091071625e83f5905192d8aecde65ba2f26f8b6719845bbf586f7a04a1",
                "sha256:5ff3e4e4cf7592d36541edec434e09fb8ab9ba6b47608c4ffe30c9038d301897",
                "sha256:62214d2954377fcf3f31ec867dd4e436df80121e7a32947a0b3244f58f45e455",
                "sha256:7be1b88c23cfac46e06404582215a917017cd2edaa2e4d40abe6aaff5458f24b",
                "sha256:8fac72b9688176922f9f54fda1ba5f7ffd28cbeb9aad282760186e8ceba9139a",
                "sha256:90a297330f608adeb4d2e9786c6fda395d3150739deb3d42a86d9a4c2d15bc1d",
                "sha256:a2a47449093dcf70babc930beba2ca0423cb7df2fa5fd76be5260703d67fa574",
                "sha256:ae19ac105cf7ce8c205a46166992fdec88081d6e783ab6e38ecfbe45729f3c39",
                "sha256:ae426e3a52842c6b6d77d00f906b6031c8c2cfdfabd6af7511bb4bc9a68d720e",
                "sha256:cbdb0b3db99dd1d5f69d31b4234367d55475add31df4d84a3bd690ef017b55e2",
                "sha256:cdf24c1b9bbeb4936456b42ac5bd32c60bb194a344951acb6bfb0cddee5439a4",
                "sha256:d14701a12417930392cd3898e9646cf5670c190b933625ebe7511b1f7d7b8736",
                "sha256:d177fe1ff47cc235942d628d41ee5b1c6930d8f009f1a451c39b5411e8d0d4cf",
                "sha256:d5bf9c863ba4717b3917b5227463ee06860fc43931dc9026747de416c0a10fee",
                "sha256:dd968a174aa82f3341a615a033fa6a8169e9320cbb46130686562db132d7f1f0",
                "sha256:f0ed4483c258fb23150e31b91ea7d25ff8495dba108aea0b0d4206a777705350",
                "sha256:f18c3ed484eeeaa43a0d45dc2efb4d00fc6542ccdcfa2c45d7b635096a2ae534",
                "sha256:f1d2108e770907540b5248977e4cff9ffaf0f73d0d13445ee938df06ca7579c6",
                "sha256:f3ec00f023d84526381ad0c0f2cff982852d035c921bbf8ceb994f4886c00c64",
                "sha256:f74429a07fedb36a03c159332b914e6de757176064f9fed94b5f79ebac07d913",
                "sha256:fec42690a2eb646b384eafb021c425fab48991587edb412d4db77acc358b27ce"
            ],
            "index": "pypi",
            "version": "==0.24.2"
        },
        "scipy": {
            "hashes": [
                "sha256:168c45c0c32e23f613db7c9e4e780bc61982d71dcd406ead746c7c7c2f2004ce",
                "sha256:213bc59191da2f479984ad4ec39406bf949a99aba70e9237b916ce7547b6ef42",
                "sha256:25b241034215247481f53355e05f9e25462682b13bd9191359075682adcd9554",
                "sha256:2c872de0c69ed20fb1a9b9cf6f77298b04a26f0b8720a5457be08be254366c6e",
                "sha256:3397c129b479846d7eaa18f999369a24322d008fac0782e7828fa567358c36ce",
                "sha256:368c0f69f93186309e1b4beb8e26d51dd6f5010b79264c0f1e9ca00cd92ea8c9",
                "sha256:3d5db5d815370c28d938cf9b0809dade4acf7aba57eaf7ef733bfedc9b2474c4",
                "sha256:4598cf03136067000855d6b44d7a1f4f46994164bcd450fb2c3d481afc25dd06",
                "sha256:4a453d5e5689de62e5d38edf40af3f17560bfd63c9c5bd228c18c1f99afa155b",
                "sha256:4f12d13ffbc16e988fa40809cbbd7a8b45bc05ff6ea0ba8e3e41f6f4db3a9e47",
                "sha256:634568a3018bc16a83cda28d4f7aed0d803dd5618facb36e977e53b2df868443",
                "sha256:65923bc3809524e46fb7eb4d6346552cbb6a1ffc41be748535aa502a2e3d3389",
                "sha256:6b0ceb23560f46dd236a8ad4378fc40bad1783e997604ba845e131d6c680963e",
                "sha256:8c8d6ca19c8497344b810b0b0344f8375af5f6bb9c98bd42e33f747417ab3f57",
                "sha256:9ad4fcddcbf5dc67619379782e6aeef41218a79e17979aaed01ed099876c0e62",
                "sha256:a254b98dbcc744c723a838c03b74a8a34c0558c9ac5c86d5561703362231107d",
                "sha256:b03c4338d6d3d299e8ca494194c0ae4f611548da59e3c038813f1a43976cb437",
                "sha256:cc1f78ebc982cd0602c9a7615d878396bec94908db67d4ecddca864d049112f2",
                "sha256:d6d25c41a009e3c6b7e757338948d0076ee1dd1770d1c09ec131f11946883c54",
                "sha256:d84cadd7d7998433334c99fa55bcba0d8b4aeff0edb123b2a1dfcface538e474",
                "sha256:e360cb2299028d0b0d0f65a5c5e51fc16a335f1603aa2357c25766c8dab56938",
                "sha256:e98d49a5717369d8241d6cf33ecb0ca72deee392414118198a8e5b4c35c56340",
                "sha256:ed572470af2438b526ea574ff8f05e7f39b44ac37f712105e57fc4d53a6fb660",
                "sha256:f87b39f4d69cf7d7529d7b1098cb712033b17ea7714aed831b95628f483fd012",
                "sha256:fa789583fc94a7689b45834453fec095245c7e69c58561dc159b5d5277057e4c"
            ],
            "index": "pypi",
            "version": "==1.5.4"
        },
        "setuptools": {
            "hashes": [
                "sha256:22c7348c6d2976a52632c67f7ab0cdf40147db7789f9aed18734643fe9cf3373",
                "sha256:4ce92f1e1f8f01233ee9952c04f6b81d1e02939d6e1b488428154974a4d0783e"
            ],
            "markers": "python_version >= '3.6'",
            "version": "==59.6.0"
        },
        "six": {
            "hashes": [
                "sha256:1e61c37477a1626458e36f7b1d82aa5c9b094fa4802892072e49de9c60c4c926",
                "sha256:8abb2f1d86890a2dfb989f9a77cfcfd3e47c2a354b01111771326f8aa26e0254"
            ],
            "markers": "python_version >= '2.7' and python_version not in '3.0, 3.1, 3.2, 3.3'",
            "version": "==1.16.0"
        },
        "soupsieve": {
            "hashes": [
                "sha256:1a3cca2617c6b38c0343ed661b1fa5de5637f257d4fe22bd9f1338010a1efefb",
                "sha256:b8d49b1cd4f037c7082a9683dfa1801aa2597fb11c3a1155b7a5b94829b4f1f9"
            ],
            "markers": "python_version >= '3.6'",
            "version": "==2.3.1"
        },
        "sqlparse": {
            "hashes": [
                "sha256:0c00730c74263a94e5a9919ade150dfc3b19c574389985446148402998287dae",
                "sha256:48719e356bb8b42991bdbb1e8b83223757b93789c00910a616a071910ca4a64d"
            ],
            "markers": "python_version >= '3.5'",
            "version": "==0.4.2"
        },
        "threadpoolctl": {
            "hashes": [
                "sha256:4fade5b3b48ae4b1c30f200b28f39180371104fccc642e039e0f2435ec8cc211",
                "sha256:d03115321233d0be715f0d3a5ad1d6c065fe425ddc2d671ca8e45e9fd5d7a52a"
            ],
            "markers": "python_version >= '3.6'",
            "version": "==3.0.0"
        },
        "typing-extensions": {
            "hashes": [
                "sha256:4ca091dea149f945ec56afb48dae714f21e8692ef22a395223bcd328961b6a0e",
                "sha256:7f001e5ac290a0c0401508864c7ec868be4e701886d5b573a9528ed3973d9d3b"
            ],
            "markers": "python_version < '3.8'",
            "version": "==4.0.1"
        },
        "urllib3": {
            "hashes": [
                "sha256:4987c65554f7a2dbf30c18fd48778ef124af6fab771a377103da0585e2336ece",
                "sha256:c4fdf4019605b6e5423637e01bc9fe4daef873709a7973e195ceba0a62bbc844"
            ],
            "markers": "python_version >= '2.7' and python_version not in '3.0, 3.1, 3.2, 3.3, 3.4' and python_version < '4'",
            "version": "==1.26.7"
        },
        "whitenoise": {
            "hashes": [
                "sha256:d234b871b52271ae7ed6d9da47ffe857c76568f11dd30e28e18c5869dbd11e12",
                "sha256:d963ef25639d1417e8a247be36e6aedd8c7c6f0a08adcb5a89146980a96b577c"
            ],
            "index": "pypi",
            "version": "==5.3.0"
        },
        "wrapt": {
            "hashes": [
                "sha256:086218a72ec7d986a3eddb7707c8c4526d677c7b35e355875a0fe2918b059179",
                "sha256:0877fe981fd76b183711d767500e6b3111378ed2043c145e21816ee589d91096",
                "sha256:0a017a667d1f7411816e4bf214646d0ad5b1da2c1ea13dec6c162736ff25a374",
                "sha256:0cb23d36ed03bf46b894cfec777eec754146d68429c30431c99ef28482b5c1df",
                "sha256:1fea9cd438686e6682271d36f3481a9f3636195578bab9ca3382e2f5f01fc185",
                "sha256:220a869982ea9023e163ba915077816ca439489de6d2c09089b219f4e11b6785",
                "sha256:25b1b1d5df495d82be1c9d2fad408f7ce5ca8a38085e2da41bb63c914baadff7",
                "sha256:2dded5496e8f1592ec27079b28b6ad2a1ef0b9296d270f77b8e4a3a796cf6909",
                "sha256:2ebdde19cd3c8cdf8df3fc165bc7827334bc4e353465048b36f7deeae8ee0918",
                "sha256:43e69ffe47e3609a6aec0fe723001c60c65305784d964f5007d5b4fb1bc6bf33",
                "sha256:46f7f3af321a573fc0c3586612db4decb7eb37172af1bc6173d81f5b66c2e068",
                "sha256:47f0a183743e7f71f29e4e21574ad3fa95676136f45b91afcf83f6a050914829",
                "sha256:498e6217523111d07cd67e87a791f5e9ee769f9241fcf8a379696e25806965af",
                "sha256:4b9c458732450ec42578b5642ac53e312092acf8c0bfce140ada5ca1ac556f79",
                "sha256:51799ca950cfee9396a87f4a1240622ac38973b6df5ef7a41e7f0b98797099ce",
                "sha256:5601f44a0f38fed36cc07db004f0eedeaadbdcec90e4e90509480e7e6060a5bc",
                "sha256:5f223101f21cfd41deec8ce3889dc59f88a59b409db028c469c9b20cfeefbe36",
                "sha256:610f5f83dd1e0ad40254c306f4764fcdc846641f120c3cf424ff57a19d5f7ade",
                "sha256:6a03d9917aee887690aa3f1747ce634e610f6db6f6b332b35c2dd89412912bca",
                "sha256:705e2af1f7be4707e49ced9153f8d72131090e52be9278b5dbb1498c749a1e32",
                "sha256:766b32c762e07e26f50d8a3468e3b4228b3736c805018e4b0ec8cc01ecd88125",
                "sha256:77416e6b17926d953b5c666a3cb718d5945df63ecf922af0ee576206d7033b5e",
                "sha256:778fd096ee96890c10ce96187c76b3e99b2da44e08c9e24d5652f356873f6709",
                "sha256:78dea98c81915bbf510eb6a3c9c24915e4660302937b9ae05a0947164248020f",
                "sha256:7dd215e4e8514004c8d810a73e342c536547038fb130205ec4bba9f5de35d45b",
                "sha256:7dde79d007cd6dfa65afe404766057c2409316135cb892be4b1c768e3f3a11cb",
                "sha256:81bd7c90d28a4b2e1df135bfbd7c23aee3050078ca6441bead44c42483f9ebfb",
                "sha256:85148f4225287b6a0665eef08a178c15097366d46b210574a658c1ff5b377489",
                "sha256:865c0b50003616f05858b22174c40ffc27a38e67359fa1495605f96125f76640",
                "sha256:87883690cae293541e08ba2da22cacaae0a092e0ed56bbba8d018cc486fbafbb",
                "sha256:8aab36778fa9bba1a8f06a4919556f9f8c7b33102bd71b3ab307bb3fecb21851",
                "sha256:8c73c1a2ec7c98d7eaded149f6d225a692caa1bd7b2401a14125446e9e90410d",
                "sha256:936503cb0a6ed28dbfa87e8fcd0a56458822144e9d11a49ccee6d9a8adb2ac44",
                "sha256:944b180f61f5e36c0634d3202ba8509b986b5fbaf57db3e94df11abee244ba13",
                "sha256:96b81ae75591a795d8c90edc0bfaab44d3d41ffc1aae4d994c5aa21d9b8e19a2",
                "sha256:981da26722bebb9247a0601e2922cedf8bb7a600e89c852d063313102de6f2cb",
                "sha256:ae9de71eb60940e58207f8e71fe113c639da42adb02fb2bcbcaccc1ccecd092b",
                "sha256:b73d4b78807bd299b38e4598b8e7bd34ed55d480160d2e7fdaabd9931afa65f9",
                "sha256:d4a5f6146cfa5c7ba0134249665acd322a70d1ea61732723c7d3e8cc0fa80755",
                "sha256:dd91006848eb55af2159375134d724032a2d1d13bcc6f81cd8d3ed9f2b8e846c",
                "sha256:e05e60ff3b2b0342153be4d1b597bbcfd8330890056b9619f4ad6b8d5c96a81a",
                "sha256:e6906d6f48437dfd80464f7d7af1740eadc572b9f7a4301e7dd3d65db285cacf",
                "sha256:e92d0d4fa68ea0c02d39f1e2f9cb5bc4b4a71e8c442207433d8db47ee79d7aa3",
                "sha256:e94b7d9deaa4cc7bac9198a58a7240aaf87fe56c6277ee25fa5b3aa1edebd229",
                "sha256:ea3e746e29d4000cd98d572f3ee2a6050a4f784bb536f4ac1f035987fc1ed83e",
                "sha256:ec7e20258ecc5174029a0f391e1b948bf2906cd64c198a9b8b281b811cbc04de",
                "sha256:ec9465dd69d5657b5d2fa6133b3e1e989ae27d29471a672416fd729b429eb554",
                "sha256:f122ccd12fdc69628786d0c947bdd9cb2733be8f800d88b5a37c57f1f1d73c10",
                "sha256:f99c0489258086308aad4ae57da9e8ecf9e1f3f30fa35d5e170b4d4896554d80",
                "sha256:f9c51d9af9abb899bd34ace878fbec8bf357b3194a10c4e8e0a25512826ef056",
                "sha256:fd76c47f20984b43d93de9a82011bb6e5f8325df6c9ed4d8310029a55fa361ea"
            ],
            "markers": "python_version >= '2.7' and python_version not in '3.0, 3.1, 3.2, 3.3, 3.4'",
            "version": "==1.13.3"
        }
    },
    "develop": {}
}
